{
  "lockfileVersion": 1,
  "configVersion": 1,
  "workspaces": {
    "": {
      "dependencies": {
        "arktype": "^2.2.5",
      },
      "devDependencies": {
        "@types/bun": "^1.4.2",
      },
    },
  },
  "packages": {
    "@ark/schema": ["@ark/schema@0.56.4", "", { "dependencies": { "@ark/util": "0.56.4" } }, "sha512-nd4OqaWdKZJeGF5zNmZysDQO7NyyJ1ycl4S7i16Hj1VxqL+x72Z66lOn7ErpsoMUZtCtslAMHMjqJhuQSxciyw=="],

    "@ark/util": ["@ark/util@0.56.4", "", {}, "sha512-KKqwGSia44cvuuDY70jGfbiUdG2E8F2cM4npdqvJ22S5a0LknlwG6nIrfQG1nF8fzxpzP30098wp0a8ASs0prQ=="],

    "@types/bun": ["@types/bun@1.4.2", "", { "dependencies": { "bun-types": "1.4.2" } }, "sha512-GimotNn7+ZV0uVArItBbriZsR1oNf0+WTzPkdcFrzShI7k2norL0uzEaJT8T33dWr7O/c9ZDuAFQrctKCi72oQ=="],

    "@types/node": ["@types/node@26.6.3", "", { "dependencies": { "undici-types": "~8.9.0" } }, "sha512-dsqMQQoeTLqu9wynDD00q573mNzso3IdQOAfHRJqLCcmCFPoGo9A1bDpUcv/9tnKpErQWv9uKeGfl37EIS02Yg=="],

    "arkregex": ["arkregex@0.0.10", "", { "dependencies": { "@ark/util": "0.56.4" } }, "sha512-+iDWBYBjH8w7wqEv8VY4loBwRldFxX84KNwKbobH3FJPay/18XI9sTesmXYpKyIrgbC5z/s16+vSJYHCC9FEvQ=="],

    "arktype": ["arktype@2.2.5", "", { "dependencies": { "@ark/schema": "0.56.4", "@ark/util": "0.56.4", "arkregex": "0.0.10" } }, "sha512-c9oqY1eBab2LceqvpWX50xae2HB8P/nJPxRhuhPVf5lEDi3WQpf7WQflJFMsyCiA3NGh6zENOlse30gWBzlwDg=="],

    "bun-types": ["bun-types@1.4.2", "", { "dependencies": { "@types/node": "*" } }, "sha512-bxV1FgK7yBIzjRe5zBozIM4Bem11ZJcCXSrjWRG3YWLt8yFDePu4cLjpebO8OvPeIE9trbyPF4fuj3Cia4Fj3w=="],

    "undici-types": ["undici-types@8.9.0", "", {}, "sha512-KTDyRTYX8sWmKXAikPHHSyc63CRPETMctyjKFupcC6OBLXT3xsN0e9aF7m+mIXutFWpUXuedtowG7iLOzp0kQg=="],
  }
}
