{
  "name": "timetable-registry",
  "lockfileVersion": 3,
  "requires": true,
  "packages": {
    "": {
      "dependencies": {
        "arktype": "^2.1.29"
      },
      "devDependencies": {
        "@types/bun": "^1.3.5"
      }
    },
    "node_modules/@ark/schema": {
      "version": "0.56.1",
      "resolved": "https://registry.npmjs.org/@ark/schema/-/schema-0.56.1.tgz",
      "integrity": "sha512-1Cf2g9nKD8K/3JGRu+gCCfYw5d4qR8YLLjDs5W5kpmaButCYWAPFUJqSXyBATPjglzCd4tIkp398iPYVs8MjRA==",
      "license": "MIT",
      "dependencies": {
        "@ark/util": "0.56.1"
      }
    },
    "node_modules/@ark/util": {
      "version": "0.56.1",
      "resolved": "https://registry.npmjs.org/@ark/util/-/util-0.56.1.tgz",
      "integrity": "sha512-Tp1rTik3q5Z+jAeeDxr5JZpmVIw0miti1ykSEHyZv5Pw3TIJl2xbN6KTacOxITp0l3s9ytlrWd30Zvqcy5vzoQ==",
      "license": "MIT"
    },
    "node_modules/@types/bun": {
      "version": "1.3.14",
      "resolved": "https://registry.npmjs.org/@types/bun/-/bun-1.3.14.tgz",
      "integrity": "sha512-h1hFqFVcvAvD9j9K7ZW7vd82aSA+rTdznZa+5bwvCwqSB1jmmfLcbIWhOLx1/+boy/xmjgCs/OMUL8hRJSmnPw==",
      "dev": true,
      "license": "MIT",
      "dependencies": {
        "bun-types": "1.3.14"
      }
    },
    "node_modules/@types/node": {
      "version": "26.1.0",
      "resolved": "https://registry.npmjs.org/@types/node/-/node-26.1.0.tgz",
      "integrity": "sha512-O0A1G3xPGy4w7AgQdAQYUlQ+BKk2Oovw8eRpofyp5KdBZULnbe+WqaOVNrm705SHphCiG4XHsACrSmPu1f+Kgw==",
      "dev": true,
      "license": "MIT",
      "dependencies": {
        "undici-types": "~8.3.0"
      }
    },
    "node_modules/arkregex": {
      "version": "0.0.7",
      "resolved": "https://registry.npmjs.org/arkregex/-/arkregex-0.0.7.tgz",
      "integrity": "sha512-O/Ltrn9EUSn3ui0KVzfyrWGDUsHlzKxDVBtpQxL/6JmLRMAZAebfSNf/A/J5Ny5S6QIwrXX+RfXsu888HMs35A==",
      "license": "MIT",
      "dependencies": {
        "@ark/util": "0.56.1"
      }
    },
    "node_modules/arktype": {
      "version": "2.2.2",
      "resolved": "https://registry.npmjs.org/arktype/-/arktype-2.2.2.tgz",
      "integrity": "sha512-YYf1xhL2dh5aPZFlsY0RAsxv5HZqfLGLptH2ZP3JidTmsGRW8VOymhPjjMTkerL12vR2YtX0SK4c1mATtae8SA==",
      "license": "MIT",
      "dependencies": {
        "@ark/schema": "0.56.1",
        "@ark/util": "0.56.1",
        "arkregex": "0.0.7"
      }
    },
    "node_modules/bun-types": {
      "version": "1.3.14",
      "resolved": "https://registry.npmjs.org/bun-types/-/bun-types-1.3.14.tgz",
      "integrity": "sha512-4N0ig0fEomHt5R0KCFWjovxow98rIoRwKolrYdCcknNwMekCXRnWEUvgu5soYV8QXtVsrUD8B95MBOZGPvr6KQ==",
      "dev": true,
      "license": "MIT",
      "dependencies": {
        "@types/node": "*"
      }
    },
    "node_modules/undici-types": {
      "version": "8.3.0",
      "resolved": "https://registry.npmjs.org/undici-types/-/undici-types-8.3.0.tgz",
      "integrity": "sha512-j375ScV60dom+YkPFIfTLcOiPxkN/buHz5GobjLhixFuANaNs3C9l4GmrWqejgXWJ7BbJcFYpTEUkS1Ge8bpZQ==",
      "dev": true,
      "license": "MIT"
    }
  }
}
